{
  "name": "serverless-signee-lambda",
  "version": "0.0.1",
  "lockfileVersion": 1,
  "requires": true,
  "dependencies": {
    "serverless-aws-signer": {
      "version": "0.0.1",
      "resolved": "https://registry.npmjs.org/serverless-aws-signer/-/serverless-aws-signer-0.0.1.tgz",
      "integrity": "sha512-YVffSoX508zu05ccGazkoUX2GC9248i6sKAJsQVAp2/csQBF+R0nLTqa9v2TL4yTPPfcVDAA3+aqThVfWXfUJA==",
      "dev": true
    }
  }
}
